Microsoft Visual Studio Solution File, Format Version 12.00
# Visual Studio Version 17
VisualStudioVersion = 17.5.2.0
MinimumVisualStudioVersion = 10.0.40219.1
Project("{FAE04EC0-301F-11D3-BF4B-00C04F79EFBC}") = "Cryo", "Cryo.csproj", "{03946679-3A58-3821-25B2-5BB46F9C8217}"
EndProject
Global
	GlobalSection(SolutionConfigurationPlatforms) = preSolution
		Debug|Any CPU = Debug|Any CPU
		Release|Any CPU = Release|Any CPU
	EndGlobalSection
	GlobalSection(ProjectConfigurationPlatforms) = postSolution
		{03946679-3A58-3821-25B2-5BB46F9C8217}.Debug|Any CPU.ActiveCfg = Debug|Any CPU
		{03946679-3A58-3821-25B2-5BB46F9C8217}.Debug|Any CPU.Build.0 = Debug|Any CPU
		{03946679-3A58-3821-25B2-5BB46F9C8217}.Release|Any CPU.ActiveCfg = Release|Any CPU
		{03946679-3A58-3821-25B2-5BB46F9C8217}.Release|Any CPU.Build.0 = Release|Any CPU
	EndGlobalSection
	GlobalSection(SolutionProperties) = preSolution
		HideSolutionNode = FALSE
	EndGlobalSection
	GlobalSection(ExtensibilityGlobals) = postSolution
		SolutionGuid = {2BA8805A-73E4-405C-8B10-0FC1F80AAECF}
	EndGlobalSection
EndGlobal
